#include<stdio.h>
#include<math.h>
#include <limits.h>

int main()
{
  float x,eps,s,tong,m,t;
  s = INT_MAX/1.0;
  m =1.0;
  int i =1;
  tong=0;
  t=1;
  printf("nhap so x: ");
  scanf("%f", &x);
  printf("nhap so epsilon: ");
  scanf("%f", &eps);
  while (s>=eps){
    s = t/m;
    tong+=s;
    m=m*i;
    t=t*x;
    i++;
  }
  printf("e mu %f = %f", x,tong);
}
