#include <stdio.h>
int main() {
    struct mathang 
        {
            char ten_hang;
            int don_gia,so_luong;
            int thanh_tien;
            
        } danh_sach_mat_hang[20];
    #define hang danh_sach_mat_hang[i]
    int n;
    printf("nhap so luong mat hang :");
    scanf("%d",&n);
    for (int i =0; i<n; i++) {
        printf("nhap thong tin ve mat hang thu %d\n", i+1);
        fflush(stdin);
        printf("ten hang:"); hang.ten_hang = getchar();
        printf("don gia:"); scanf("%d",&hang.don_gia);
        printf("so luong:"); scanf("%d",&hang.so_luong);
        hang.thanh_tien = hang.so_luong*hang.don_gia;
    }
    printf("SO LIEU BAN HANG\n");
    printf("STT\tTen Hang\tDon Gia\tSo Luong\tThanh Tien\n");
    for (int i = 0; i<n; i++) {
        printf("%d\t%c\t%d\t%d\t%d\n",i+1,hang.ten_hang,hang.don_gia,hang.so_luong,hang.thanh_tien);

    }
}