#include<stdio.h>
void nhap_day(int a[], int *n, char ten) {
  int i;
  printf("Nhap so phan tu cua day %c:",ten);
  scanf("%d", n);
  for (int i = 0; i<*n; i++) {
    scanf("%d", &a+i);
    }
}
int main() {
  int a[20], n, i,max,min,imax,imin; 
  max = min = 0;
  nhap_day(a, &n, 'A');
  for (int i = 0; i< n; i++) {
    if (a[i] > max) {
      a[i] = max;
      imax = i;
      }
    if (a[i] < min) {
      a[i] = min;
      imin = i;
      }
  }
  printf("so lon nhat trong day la %d, vi tri %d", max,imax);
  printf("so nho nhat trong day la %d, vi tri %d", min, imin);
}
